{
  "object": {
    "pins": [
      {
        "package": "CryptoSwift",
        "repositoryURL": "https://github.com/krzyzanowskim/CryptoSwift",
        "state": {
          "branch": null,
          "revision": "90e5b7af823d869fa8dea5a3abc7d95b6cb04c8c",
          "version": "1.1.3"
        }
      },
      {
        "package": "PromiseKit",
        "repositoryURL": "https://github.com/mxcl/PromiseKit",
        "state": {
          "branch": null,
          "revision": "4d8d1287d2e50c53a9f8430ffe88925292838c57",
          "version": "6.11.0"
        }
      },
      {
        "package": "Starscream",
        "repositoryURL": "https://github.com/daltoniam/Starscream",
        "state": {
          "branch": null,
          "revision": "ac6c0fc9da221873e01bd1a0d4818498a71eef33",
          "version": "4.0.6"
        }
      }
    ]
  },
  "version": 1
}
